
Microsoft Visual Studio Solution File, Format Version 11.00
# Visual C++ Express 2010
Project("{8BC9CEB8-8B4A-11D0-8D11-00A0C91BC942}") = "cmemo_native", "cmemo_native.vcxproj", "{0AF85F95-1E15-49D4-82C9-2FA2CF7A11EA}"
EndProject
Global
	GlobalSection(SolutionConfigurationPlatforms) = preSolution
		Debug|Win32 = Debug|Win32
		Release|Win32 = Release|Win32
	EndGlobalSection
	GlobalSection(ProjectConfigurationPlatforms) = postSolution
		{0AF85F95-1E15-49D4-82C9-2FA2CF7A11EA}.Debug|Win32.ActiveCfg = Debug|Win32
		{0AF85F95-1E15-49D4-82C9-2FA2CF7A11EA}.Debug|Win32.Build.0 = Debug|Win32
		{0AF85F95-1E15-49D4-82C9-2FA2CF7A11EA}.Release|Win32.ActiveCfg = Release|Win32
		{0AF85F95-1E15-49D4-82C9-2FA2CF7A11EA}.Release|Win32.Build.0 = Release|Win32
	EndGlobalSection
	GlobalSection(SolutionProperties) = preSolution
		HideSolutionNode = FALSE
	EndGlobalSection
EndGlobal
